// !$*UTF8*$!
{
	archiveVersion = 1;
	classes = {
	};
	objectVersion = 56;
	objects = {

/* Begin PBXBuildFile section */
		A2000000000000000000001 /* SnippetComposeApp.swift in Sources */ = {isa = PBXBuildFile; fileRef = A1000000000000000000001 /* SnippetComposeApp.swift */; };
		A2000000000000000000002 /* AppDelegate.swift in Sources */ = {isa = PBXBuildFile; fileRef = A1000000000000000000002 /* AppDelegate.swift */; };
		A2000000000000000000003 /* EventTapManager.swift in Sources */ = {isa = PBXBuildFile; fileRef = A1000000000000000000003 /* EventTapManager.swift */; };
		A2000000000000000000004 /* SyntheticEventEmitter.swift in Sources */ = {isa = PBXBuildFile; fileRef = A1000000000000000000004 /* SyntheticEventEmitter.swift */; };
		A2000000000000000000005 /* ComposeStateMachine.swift in Sources */ = {isa = PBXBuildFile; fileRef = A1000000000000000000005 /* ComposeStateMachine.swift */; };
		A2000000000000000000006 /* ComposeTableParser.swift in Sources */ = {isa = PBXBuildFile; fileRef = A1000000000000000000006 /* ComposeTableParser.swift */; };
		A2000000000000000000007 /* CursorPositionProvider.swift in Sources */ = {isa = PBXBuildFile; fileRef = A1000000000000000000007 /* CursorPositionProvider.swift */; };
		A2000000000000000000008 /* ComposePreviewPanel.swift in Sources */ = {isa = PBXBuildFile; fileRef = A1000000000000000000008 /* ComposePreviewPanel.swift */; };
		A2000000000000000000009 /* ComposePreviewView.swift in Sources */ = {isa = PBXBuildFile; fileRef = A1000000000000000000009 /* ComposePreviewView.swift */; };
		A200000000000000000000A /* MenuBarView.swift in Sources */ = {isa = PBXBuildFile; fileRef = A100000000000000000000A /* MenuBarView.swift */; };
		A200000000000000000000B /* SettingsStore.swift in Sources */ = {isa = PBXBuildFile; fileRef = A100000000000000000000B /* SettingsStore.swift */; };
		A200000000000000000000C /* Compose.txt in Resources */ = {isa = PBXBuildFile; fileRef = A100000000000000000000C /* Compose.txt */; };
		A200000000000000000000D /* Assets.xcassets in Resources */ = {isa = PBXBuildFile; fileRef = A100000000000000000000D /* Assets.xcassets */; };
		A200000000000000000000E /* SnippetComposeTests.swift in Sources */ = {isa = PBXBuildFile; fileRef = A100000000000000000000E /* SnippetComposeTests.swift */; };
		A200000000000000000000F /* Compose.txt in Resources */ = {isa = PBXBuildFile; fileRef = A100000000000000000000C /* Compose.txt */; };
		A2000000000000000000010 /* SettingsView.swift in Sources */ = {isa = PBXBuildFile; fileRef = A1000000000000000000013 /* SettingsView.swift */; };
		A2000000000000000000011 /* MenuBarState.swift in Sources */ = {isa = PBXBuildFile; fileRef = A1000000000000000000014 /* MenuBarState.swift */; };
/* End PBXBuildFile section */

/* Begin PBXContainerItemProxy section */
		A9000000000000000000002 /* PBXContainerItemProxy */ = {
			isa = PBXContainerItemProxy;
			containerPortal = A8000000000000000000001 /* Project object */;
			proxyType = 1;
			remoteGlobalIDString = A5000000000000000000001;
			remoteInfo = SnippetCompose;
		};
/* End PBXContainerItemProxy section */

/* Begin PBXFileReference section */
		A1000000000000000000001 /* SnippetComposeApp.swift */ = {isa = PBXFileReference; lastKnownFileType = sourcecode.swift; path = SnippetComposeApp.swift; sourceTree = "<group>"; };
		A1000000000000000000002 /* AppDelegate.swift */ = {isa = PBXFileReference; lastKnownFileType = sourcecode.swift; path = AppDelegate.swift; sourceTree = "<group>"; };
		A1000000000000000000003 /* EventTapManager.swift */ = {isa = PBXFileReference; lastKnownFileType = sourcecode.swift; path = EventTapManager.swift; sourceTree = "<group>"; };
		A1000000000000000000004 /* SyntheticEventEmitter.swift */ = {isa = PBXFileReference; lastKnownFileType = sourcecode.swift; path = SyntheticEventEmitter.swift; sourceTree = "<group>"; };
		A1000000000000000000005 /* ComposeStateMachine.swift */ = {isa = PBXFileReference; lastKnownFileType = sourcecode.swift; path = ComposeStateMachine.swift; sourceTree = "<group>"; };
		A1000000000000000000006 /* ComposeTableParser.swift */ = {isa = PBXFileReference; lastKnownFileType = sourcecode.swift; path = ComposeTableParser.swift; sourceTree = "<group>"; };
		A1000000000000000000007 /* CursorPositionProvider.swift */ = {isa = PBXFileReference; lastKnownFileType = sourcecode.swift; path = CursorPositionProvider.swift; sourceTree = "<group>"; };
		A1000000000000000000008 /* ComposePreviewPanel.swift */ = {isa = PBXFileReference; lastKnownFileType = sourcecode.swift; path = ComposePreviewPanel.swift; sourceTree = "<group>"; };
		A1000000000000000000009 /* ComposePreviewView.swift */ = {isa = PBXFileReference; lastKnownFileType = sourcecode.swift; path = ComposePreviewView.swift; sourceTree = "<group>"; };
		A100000000000000000000A /* MenuBarView.swift */ = {isa = PBXFileReference; lastKnownFileType = sourcecode.swift; path = MenuBarView.swift; sourceTree = "<group>"; };
		A100000000000000000000B /* SettingsStore.swift */ = {isa = PBXFileReference; lastKnownFileType = sourcecode.swift; path = SettingsStore.swift; sourceTree = "<group>"; };
		A100000000000000000000C /* Compose.txt */ = {isa = PBXFileReference; lastKnownFileType = text; path = Compose.txt; sourceTree = "<group>"; };
		A100000000000000000000D /* Assets.xcassets */ = {isa = PBXFileReference; lastKnownFileType = folder.assetcatalog; path = Assets.xcassets; sourceTree = "<group>"; };
		A100000000000000000000E /* SnippetComposeTests.swift */ = {isa = PBXFileReference; lastKnownFileType = sourcecode.swift; path = SnippetComposeTests.swift; sourceTree = "<group>"; };
		A100000000000000000000F /* Info.plist */ = {isa = PBXFileReference; lastKnownFileType = text.plist.xml; path = Info.plist; sourceTree = "<group>"; };
		A1000000000000000000010 /* SnippetCompose.entitlements */ = {isa = PBXFileReference; lastKnownFileType = text.plist.entitlements; path = SnippetCompose.entitlements; sourceTree = "<group>"; };
		A1000000000000000000011 /* SnippetCompose.app */ = {isa = PBXFileReference; explicitFileType = wrapper.application; includeInIndex = 0; path = SnippetCompose.app; sourceTree = BUILT_PRODUCTS_DIR; };
		A1000000000000000000012 /* SnippetComposeTests.xctest */ = {isa = PBXFileReference; explicitFileType = wrapper.cfbundle; includeInIndex = 0; path = SnippetComposeTests.xctest; sourceTree = BUILT_PRODUCTS_DIR; };
		A1000000000000000000013 /* SettingsView.swift */ = {isa = PBXFileReference; lastKnownFileType = sourcecode.swift; path = SettingsView.swift; sourceTree = "<group>"; };
		A1000000000000000000014 /* MenuBarState.swift */ = {isa = PBXFileReference; lastKnownFileType = sourcecode.swift; path = MenuBarState.swift; sourceTree = "<group>"; };
/* End PBXFileReference section */

/* Begin PBXFrameworksBuildPhase section */
		A4000000000000000000001 /* Frameworks */ = {
			isa = PBXFrameworksBuildPhase;
			buildActionMask = 2147483647;
			files = (
			);
			runOnlyForDeploymentPostprocessing = 0;
		};
		A4000000000000000000004 /* Frameworks */ = {
			isa = PBXFrameworksBuildPhase;
			buildActionMask = 2147483647;
			files = (
			);
			runOnlyForDeploymentPostprocessing = 0;
		};
/* End PBXFrameworksBuildPhase section */

/* Begin PBXGroup section */
		A3000000000000000000001 = {
			isa = PBXGroup;
			children = (
				A3000000000000000000003 /* SnippetCompose */,
				A3000000000000000000009 /* SnippetComposeTests */,
				A3000000000000000000002 /* Products */,
			);
			sourceTree = "<group>";
		};
		A3000000000000000000002 /* Products */ = {
			isa = PBXGroup;
			children = (
				A1000000000000000000011 /* SnippetCompose.app */,
				A1000000000000000000012 /* SnippetComposeTests.xctest */,
			);
			name = Products;
			sourceTree = "<group>";
		};
		A3000000000000000000003 /* SnippetCompose */ = {
			isa = PBXGroup;
			children = (
				A1000000000000000000001 /* SnippetComposeApp.swift */,
				A1000000000000000000002 /* AppDelegate.swift */,
				A1000000000000000000014 /* MenuBarState.swift */,
				A3000000000000000000004 /* EventTap */,
				A3000000000000000000005 /* StateMachine */,
				A3000000000000000000006 /* ComposeTable */,
				A3000000000000000000007 /* Accessibility */,
				A3000000000000000000008 /* UI */,
				A300000000000000000000A /* Settings */,
				A100000000000000000000C /* Compose.txt */,
				A100000000000000000000D /* Assets.xcassets */,
				A100000000000000000000F /* Info.plist */,
				A1000000000000000000010 /* SnippetCompose.entitlements */,
			);
			path = SnippetCompose;
			sourceTree = "<group>";
		};
		A3000000000000000000004 /* EventTap */ = {
			isa = PBXGroup;
			children = (
				A1000000000000000000003 /* EventTapManager.swift */,
				A1000000000000000000004 /* SyntheticEventEmitter.swift */,
			);
			path = EventTap;
			sourceTree = "<group>";
		};
		A3000000000000000000005 /* StateMachine */ = {
			isa = PBXGroup;
			children = (
				A1000000000000000000005 /* ComposeStateMachine.swift */,
			);
			path = StateMachine;
			sourceTree = "<group>";
		};
		A3000000000000000000006 /* ComposeTable */ = {
			isa = PBXGroup;
			children = (
				A1000000000000000000006 /* ComposeTableParser.swift */,
			);
			path = ComposeTable;
			sourceTree = "<group>";
		};
		A3000000000000000000007 /* Accessibility */ = {
			isa = PBXGroup;
			children = (
				A1000000000000000000007 /* CursorPositionProvider.swift */,
			);
			path = Accessibility;
			sourceTree = "<group>";
		};
		A3000000000000000000008 /* UI */ = {
			isa = PBXGroup;
			children = (
				A1000000000000000000008 /* ComposePreviewPanel.swift */,
				A1000000000000000000009 /* ComposePreviewView.swift */,
				A100000000000000000000A /* MenuBarView.swift */,
			);
			path = UI;
			sourceTree = "<group>";
		};
		A3000000000000000000009 /* SnippetComposeTests */ = {
			isa = PBXGroup;
			children = (
				A100000000000000000000E /* SnippetComposeTests.swift */,
			);
			path = SnippetComposeTests;
			sourceTree = "<group>";
		};
		A300000000000000000000A /* Settings */ = {
			isa = PBXGroup;
			children = (
				A100000000000000000000B /* SettingsStore.swift */,
				A1000000000000000000013 /* SettingsView.swift */,
			);
			path = Settings;
			sourceTree = "<group>";
		};
/* End PBXGroup section */

/* Begin PBXNativeTarget section */
		A5000000000000000000001 /* SnippetCompose */ = {
			isa = PBXNativeTarget;
			buildConfigurationList = A7000000000000000000002 /* Build configuration list for PBXNativeTarget "SnippetCompose" */;
			buildPhases = (
				A4000000000000000000002 /* Sources */,
				A4000000000000000000003 /* Resources */,
				A4000000000000000000001 /* Frameworks */,
			);
			buildRules = (
			);
			dependencies = (
			);
			name = SnippetCompose;
			productName = SnippetCompose;
			productReference = A1000000000000000000011 /* SnippetCompose.app */;
			productType = "com.apple.product-type.application";
		};
		A5000000000000000000002 /* SnippetComposeTests */ = {
			isa = PBXNativeTarget;
			buildConfigurationList = A7000000000000000000003 /* Build configuration list for PBXNativeTarget "SnippetComposeTests" */;
			buildPhases = (
				A4000000000000000000005 /* Sources */,
				A4000000000000000000006 /* Resources */,
				A4000000000000000000004 /* Frameworks */,
			);
			buildRules = (
			);
			dependencies = (
				A9000000000000000000001 /* PBXTargetDependency */,
			);
			name = SnippetComposeTests;
			productName = SnippetComposeTests;
			productReference = A1000000000000000000012 /* SnippetComposeTests.xctest */;
			productType = "com.apple.product-type.bundle.unit-test";
		};
/* End PBXNativeTarget section */

/* Begin PBXProject section */
		A8000000000000000000001 /* Project object */ = {
			isa = PBXProject;
			attributes = {
				BuildIndependentTargetsInParallel = 1;
				LastSwiftUpdateCheck = 1500;
				LastUpgradeCheck = 1500;
				TargetAttributes = {
					A5000000000000000000001 = {
						CreatedOnToolsVersion = 15.0;
					};
					A5000000000000000000002 = {
						CreatedOnToolsVersion = 15.0;
						TestTargetID = A5000000000000000000001;
					};
				};
			};
			buildConfigurationList = A7000000000000000000001 /* Build configuration list for PBXProject "SnippetCompose" */;
			compatibilityVersion = "Xcode 14.0";
			developmentRegion = en;
			hasScannedForEncodings = 0;
			knownRegions = (
				en,
				Base,
			);
			mainGroup = A3000000000000000000001;
			productRefGroup = A3000000000000000000002 /* Products */;
			projectDirPath = "";
			projectRoot = "";
			targets = (
				A5000000000000000000001 /* SnippetCompose */,
				A5000000000000000000002 /* SnippetComposeTests */,
			);
		};
/* End PBXProject section */

/* Begin PBXResourcesBuildPhase section */
		A4000000000000000000003 /* Resources */ = {
			isa = PBXResourcesBuildPhase;
			buildActionMask = 2147483647;
			files = (
				A200000000000000000000C /* Compose.txt in Resources */,
				A200000000000000000000D /* Assets.xcassets in Resources */,
			);
			runOnlyForDeploymentPostprocessing = 0;
		};
		A4000000000000000000006 /* Resources */ = {
			isa = PBXResourcesBuildPhase;
			buildActionMask = 2147483647;
			files = (
				A200000000000000000000F /* Compose.txt in Resources */,
			);
			runOnlyForDeploymentPostprocessing = 0;
		};
/* End PBXResourcesBuildPhase section */

/* Begin PBXSourcesBuildPhase section */
		A4000000000000000000002 /* Sources */ = {
			isa = PBXSourcesBuildPhase;
			buildActionMask = 2147483647;
			files = (
				A2000000000000000000001 /* SnippetComposeApp.swift in Sources */,
				A2000000000000000000002 /* AppDelegate.swift in Sources */,
				A2000000000000000000003 /* EventTapManager.swift in Sources */,
				A2000000000000000000004 /* SyntheticEventEmitter.swift in Sources */,
				A2000000000000000000005 /* ComposeStateMachine.swift in Sources */,
				A2000000000000000000006 /* ComposeTableParser.swift in Sources */,
				A2000000000000000000007 /* CursorPositionProvider.swift in Sources */,
				A2000000000000000000008 /* ComposePreviewPanel.swift in Sources */,
				A2000000000000000000009 /* ComposePreviewView.swift in Sources */,
				A200000000000000000000A /* MenuBarView.swift in Sources */,
				A200000000000000000000B /* SettingsStore.swift in Sources */,
				A2000000000000000000010 /* SettingsView.swift in Sources */,
				A2000000000000000000011 /* MenuBarState.swift in Sources */,
			);
			runOnlyForDeploymentPostprocessing = 0;
		};
		A4000000000000000000005 /* Sources */ = {
			isa = PBXSourcesBuildPhase;
			buildActionMask = 2147483647;
			files = (
				A200000000000000000000E /* SnippetComposeTests.swift in Sources */,
			);
			runOnlyForDeploymentPostprocessing = 0;
		};
/* End PBXSourcesBuildPhase section */

/* Begin PBXTargetDependency section */
		A9000000000000000000001 /* PBXTargetDependency */ = {
			isa = PBXTargetDependency;
			target = A5000000000000000000001 /* SnippetCompose */;
			targetProxy = A9000000000000000000002 /* PBXContainerItemProxy */;
		};
/* End PBXTargetDependency section */

/* Begin XCBuildConfiguration section */
		A6000000000000000000001 /* Debug */ = {
			isa = XCBuildConfiguration;
			buildSettings = {
				ALWAYS_SEARCH_USER_PATHS = NO;
				CLANG_ANALYZER_NONNULL = YES;
				CLANG_ANALYZER_NUMBER_OBJECT_CONVERSION = YES_AGGRESSIVE;
				CLANG_CXX_LANGUAGE_STANDARD = "gnu++20";
				CLANG_ENABLE_MODULES = YES;
				CLANG_ENABLE_OBJC_ARC = YES;
				CLANG_ENABLE_OBJC_WEAK = YES;
				CLANG_WARN_BLOCK_CAPTURE_AUTORELEASING = YES;
				CLANG_WARN_BOOL_CONVERSION = YES;
				CLANG_WARN_COMMA = YES;
				CLANG_WARN_CONSTANT_CONVERSION = YES;
				CLANG_WARN_DEPRECATED_OBJC_IMPLEMENTATIONS = YES;
				CLANG_WARN_DIRECT_OBJC_ISA_USAGE = YES_ERROR;
				CLANG_WARN_DOCUMENTATION_COMMENTS = YES;
				CLANG_WARN_EMPTY_BODY = YES;
				CLANG_WARN_ENUM_CONVERSION = YES;
				CLANG_WARN_INFINITE_RECURSION = YES;
				CLANG_WARN_INT_CONVERSION = YES;
				CLANG_WARN_NON_LITERAL_NULL_CONVERSION = YES;
				CLANG_WARN_OBJC_IMPLICIT_RETAIN_SELF = YES;
				CLANG_WARN_OBJC_LITERAL_CONVERSION = YES;
				CLANG_WARN_OBJC_ROOT_CLASS = YES_ERROR;
				CLANG_WARN_QUOTED_INCLUDE_IN_FRAMEWORK_HEADER = YES;
				CLANG_WARN_RANGE_LOOP_ANALYSIS = YES;
				CLANG_WARN_STRICT_PROTOTYPES = YES;
				CLANG_WARN_SUSPICIOUS_MOVE = YES;
				CLANG_WARN_UNGUARDED_AVAILABILITY = YES_AGGRESSIVE;
				CLANG_WARN_UNREACHABLE_CODE = YES;
				CLANG_WARN__DUPLICATE_METHOD_MATCH = YES;
				COPY_PHASE_STRIP = NO;
				DEBUG_INFORMATION_FORMAT = dwarf;
				ENABLE_STRICT_OBJC_MSGSEND = YES;
				ENABLE_TESTABILITY = YES;
				GCC_C_LANGUAGE_STANDARD = gnu17;
				GCC_DYNAMIC_NO_PIC = NO;
				GCC_NO_COMMON_BLOCKS = YES;
				GCC_OPTIMIZATION_LEVEL = 0;
				GCC_PREPROCESSOR_DEFINITIONS = (
					"DEBUG=1",
					"$(inherited)",
				);
				GCC_WARN_64_TO_32_BIT_CONVERSION = YES;
				GCC_WARN_ABOUT_RETURN_TYPE = YES_ERROR;
				GCC_WARN_UNDECLARED_SELECTOR = YES;
				GCC_WARN_UNINITIALIZED_AUTOS = YES_AGGRESSIVE;
				GCC_WARN_UNUSED_FUNCTION = YES;
				GCC_WARN_UNUSED_VARIABLE = YES;
				MACOSX_DEPLOYMENT_TARGET = 13.0;
				MTL_ENABLE_DEBUG_INFO = INCLUDE_SOURCE;
				MTL_FAST_MATH = YES;
				ONLY_ACTIVE_ARCH = YES;
				SDKROOT = macosx;
				SWIFT_ACTIVE_COMPILATION_CONDITIONS = DEBUG;
				SWIFT_OPTIMIZATION_LEVEL = "-Onone";
			};
			name = Debug;
		};
		A6000000000000000000002 /* Release */ = {
			isa = XCBuildConfiguration;
			buildSettings = {
				ALWAYS_SEARCH_USER_PATHS = NO;
				CLANG_ANALYZER_NONNULL = YES;
				CLANG_ANALYZER_NUMBER_OBJECT_CONVERSION = YES_AGGRESSIVE;
				CLANG_CXX_LANGUAGE_STANDARD = "gnu++20";
				CLANG_ENABLE_MODULES = YES;
				CLANG_ENABLE_OBJC_ARC = YES;
				CLANG_ENABLE_OBJC_WEAK = YES;
				CLANG_WARN_BLOCK_CAPTURE_AUTORELEASING = YES;
				CLANG_WARN_BOOL_CONVERSION = YES;
				CLANG_WARN_COMMA = YES;
				CLANG_WARN_CONSTANT_CONVERSION = YES;
				CLANG_WARN_DEPRECATED_OBJC_IMPLEMENTATIONS = YES;
				CLANG_WARN_DIRECT_OBJC_ISA_USAGE = YES_ERROR;
				CLANG_WARN_DOCUMENTATION_COMMENTS = YES;
				CLANG_WARN_EMPTY_BODY = YES;
				CLANG_WARN_ENUM_CONVERSION = YES;
				CLANG_WARN_INFINITE_RECURSION = YES;
				CLANG_WARN_INT_CONVERSION = YES;
				CLANG_WARN_NON_LITERAL_NULL_CONVERSION = YES;
				CLANG_WARN_OBJC_IMPLICIT_RETAIN_SELF = YES;
				CLANG_WARN_OBJC_LITERAL_CONVERSION = YES;
				CLANG_WARN_OBJC_ROOT_CLASS = YES_ERROR;
				CLANG_WARN_QUOTED_INCLUDE_IN_FRAMEWORK_HEADER = YES;
				CLANG_WARN_RANGE_LOOP_ANALYSIS = YES;
				CLANG_WARN_STRICT_PROTOTYPES = YES;
				CLANG_WARN_SUSPICIOUS_MOVE = YES;
				CLANG_WARN_UNGUARDED_AVAILABILITY = YES_AGGRESSIVE;
				CLANG_WARN_UNREACHABLE_CODE = YES;
				CLANG_WARN__DUPLICATE_METHOD_MATCH = YES;
				COPY_PHASE_STRIP = NO;
				DEBUG_INFORMATION_FORMAT = "dwarf-with-dsym";
				ENABLE_NS_ASSERTIONS = NO;
				ENABLE_STRICT_OBJC_MSGSEND = YES;
				GCC_C_LANGUAGE_STANDARD = gnu17;
				GCC_NO_COMMON_BLOCKS = YES;
				GCC_WARN_64_TO_32_BIT_CONVERSION = YES;
				GCC_WARN_ABOUT_RETURN_TYPE = YES_ERROR;
				GCC_WARN_UNDECLARED_SELECTOR = YES;
				GCC_WARN_UNINITIALIZED_AUTOS = YES_AGGRESSIVE;
				GCC_WARN_UNUSED_FUNCTION = YES;
				GCC_WARN_UNUSED_VARIABLE = YES;
				MACOSX_DEPLOYMENT_TARGET = 13.0;
				MTL_ENABLE_DEBUG_INFO = NO;
				MTL_FAST_MATH = YES;
				SDKROOT = macosx;
				SWIFT_COMPILATION_MODE = wholemodule;
				SWIFT_OPTIMIZATION_LEVEL = "-O";
			};
			name = Release;
		};
		A6000000000000000000003 /* Debug */ = {
			isa = XCBuildConfiguration;
			buildSettings = {
				ASSETCATALOG_COMPILER_APPICON_NAME = AppIcon;
				AUTOMATION_APPLE_EVENTS = NO;
				CODE_SIGN_ENTITLEMENTS = SnippetCompose/SnippetCompose.entitlements;
				CODE_SIGN_STYLE = Automatic;
				COMBINE_HIDPI_IMAGES = YES;
				CURRENT_PROJECT_VERSION = 1;
				DEVELOPMENT_TEAM = 6Z4FVAP3Z7;
				ENABLE_HARDENED_RUNTIME = YES;
				ENABLE_RESOURCE_ACCESS_AUDIO_INPUT = NO;
				ENABLE_RESOURCE_ACCESS_CALENDARS = NO;
				ENABLE_RESOURCE_ACCESS_CAMERA = NO;
				ENABLE_RESOURCE_ACCESS_CONTACTS = NO;
				ENABLE_RESOURCE_ACCESS_LOCATION = NO;
				ENABLE_RESOURCE_ACCESS_PHOTO_LIBRARY = NO;
				GENERATE_INFOPLIST_FILE = NO;
				INFOPLIST_FILE = SnippetCompose/Info.plist;
				LD_RUNPATH_SEARCH_PATHS = (
					"$(inherited)",
					"@executable_path/../Frameworks",
				);
				MACOSX_DEPLOYMENT_TARGET = 13.0;
				MARKETING_VERSION = 1.0;
				PRODUCT_BUNDLE_IDENTIFIER = com.snippetcompose.SnippetCompose;
				PRODUCT_NAME = "$(TARGET_NAME)";
				RUNTIME_EXCEPTION_ALLOW_DYLD_ENVIRONMENT_VARIABLES = NO;
				RUNTIME_EXCEPTION_ALLOW_JIT = NO;
				RUNTIME_EXCEPTION_ALLOW_UNSIGNED_EXECUTABLE_MEMORY = NO;
				RUNTIME_EXCEPTION_DEBUGGING_TOOL = NO;
				RUNTIME_EXCEPTION_DISABLE_EXECUTABLE_PAGE_PROTECTION = NO;
				RUNTIME_EXCEPTION_DISABLE_LIBRARY_VALIDATION = NO;
				SDKROOT = macosx;
				SWIFT_EMIT_LOC_STRINGS = YES;
				SWIFT_VERSION = 5.0;
			};
			name = Debug;
		};
		A6000000000000000000004 /* Release */ = {
			isa = XCBuildConfiguration;
			buildSettings = {
				ASSETCATALOG_COMPILER_APPICON_NAME = AppIcon;
				AUTOMATION_APPLE_EVENTS = NO;
				CODE_SIGN_ENTITLEMENTS = SnippetCompose/SnippetCompose.entitlements;
				CODE_SIGN_STYLE = Automatic;
				COMBINE_HIDPI_IMAGES = YES;
				CURRENT_PROJECT_VERSION = 1;
				DEVELOPMENT_TEAM = 6Z4FVAP3Z7;
				ENABLE_HARDENED_RUNTIME = YES;
				ENABLE_RESOURCE_ACCESS_AUDIO_INPUT = NO;
				ENABLE_RESOURCE_ACCESS_CALENDARS = NO;
				ENABLE_RESOURCE_ACCESS_CAMERA = NO;
				ENABLE_RESOURCE_ACCESS_CONTACTS = NO;
				ENABLE_RESOURCE_ACCESS_LOCATION = NO;
				ENABLE_RESOURCE_ACCESS_PHOTO_LIBRARY = NO;
				GENERATE_INFOPLIST_FILE = NO;
				INFOPLIST_FILE = SnippetCompose/Info.plist;
				LD_RUNPATH_SEARCH_PATHS = (
					"$(inherited)",
					"@executable_path/../Frameworks",
				);
				MACOSX_DEPLOYMENT_TARGET = 13.0;
				MARKETING_VERSION = 1.0;
				PRODUCT_BUNDLE_IDENTIFIER = com.snippetcompose.SnippetCompose;
				PRODUCT_NAME = "$(TARGET_NAME)";
				RUNTIME_EXCEPTION_ALLOW_DYLD_ENVIRONMENT_VARIABLES = NO;
				RUNTIME_EXCEPTION_ALLOW_JIT = NO;
				RUNTIME_EXCEPTION_ALLOW_UNSIGNED_EXECUTABLE_MEMORY = NO;
				RUNTIME_EXCEPTION_DEBUGGING_TOOL = NO;
				RUNTIME_EXCEPTION_DISABLE_EXECUTABLE_PAGE_PROTECTION = NO;
				RUNTIME_EXCEPTION_DISABLE_LIBRARY_VALIDATION = NO;
				SDKROOT = macosx;
				SWIFT_EMIT_LOC_STRINGS = YES;
				SWIFT_VERSION = 5.0;
			};
			name = Release;
		};
		A6000000000000000000005 /* Debug */ = {
			isa = XCBuildConfiguration;
			buildSettings = {
				BUNDLE_LOADER = "$(TEST_HOST)";
				CODE_SIGN_STYLE = Automatic;
				CURRENT_PROJECT_VERSION = 1;
				GENERATE_INFOPLIST_FILE = YES;
				MACOSX_DEPLOYMENT_TARGET = 13.0;
				MARKETING_VERSION = 1.0;
				PRODUCT_BUNDLE_IDENTIFIER = com.snippetcompose.SnippetComposeTests;
				PRODUCT_NAME = "$(TARGET_NAME)";
				SDKROOT = macosx;
				SWIFT_VERSION = 5.0;
				TEST_HOST = "$(BUILT_PRODUCTS_DIR)/SnippetCompose.app/Contents/MacOS/SnippetCompose";
			};
			name = Debug;
		};
		A6000000000000000000006 /* Release */ = {
			isa = XCBuildConfiguration;
			buildSettings = {
				BUNDLE_LOADER = "$(TEST_HOST)";
				CODE_SIGN_STYLE = Automatic;
				CURRENT_PROJECT_VERSION = 1;
				GENERATE_INFOPLIST_FILE = YES;
				MACOSX_DEPLOYMENT_TARGET = 13.0;
				MARKETING_VERSION = 1.0;
				PRODUCT_BUNDLE_IDENTIFIER = com.snippetcompose.SnippetComposeTests;
				PRODUCT_NAME = "$(TARGET_NAME)";
				SDKROOT = macosx;
				SWIFT_VERSION = 5.0;
				TEST_HOST = "$(BUILT_PRODUCTS_DIR)/SnippetCompose.app/Contents/MacOS/SnippetCompose";
			};
			name = Release;
		};
/* End XCBuildConfiguration section */

/* Begin XCConfigurationList section */
		A7000000000000000000001 /* Build configuration list for PBXProject "SnippetCompose" */ = {
			isa = XCConfigurationList;
			buildConfigurations = (
				A6000000000000000000001 /* Debug */,
				A6000000000000000000002 /* Release */,
			);
			defaultConfigurationIsVisible = 0;
			defaultConfigurationName = Release;
		};
		A7000000000000000000002 /* Build configuration list for PBXNativeTarget "SnippetCompose" */ = {
			isa = XCConfigurationList;
			buildConfigurations = (
				A6000000000000000000003 /* Debug */,
				A6000000000000000000004 /* Release */,
			);
			defaultConfigurationIsVisible = 0;
			defaultConfigurationName = Release;
		};
		A7000000000000000000003 /* Build configuration list for PBXNativeTarget "SnippetComposeTests" */ = {
			isa = XCConfigurationList;
			buildConfigurations = (
				A6000000000000000000005 /* Debug */,
				A6000000000000000000006 /* Release */,
			);
			defaultConfigurationIsVisible = 0;
			defaultConfigurationName = Release;
		};
/* End XCConfigurationList section */
	};
	rootObject = A8000000000000000000001 /* Project object */;
}
